
Microsoft Visual Studio Solution File, Format Version 12.00
# Visual Studio 15
VisualStudioVersion = 15.0.28010.2026
MinimumVisualStudioVersion = 10.0.40219.1
Project("{FAE04EC0-301F-11D3-BF4B-00C04F79EFBC}") = "BrandUp.Pages.Core", "src\BrandUp.Pages.Core\BrandUp.Pages.Core.csproj", "{7E6F1BF2-2B5A-4398-BCD6-C7DA02B7E715}"
EndProject
Global
	GlobalSection(SolutionConfigurationPlatforms) = preSolution
		Debug|Any CPU = Debug|Any CPU
		Release|Any CPU = Release|Any CPU
	EndGlobalSection
	GlobalSection(ProjectConfigurationPlatforms) = postSolution
		{7E6F1BF2-2B5A-4398-BCD6-C7DA02B7E715}.Debug|Any CPU.ActiveCfg = Debug|Any CPU
		{7E6F1BF2-2B5A-4398-BCD6-C7DA02B7E715}.Debug|Any CPU.Build.0 = Debug|Any CPU
		{7E6F1BF2-2B5A-4398-BCD6-C7DA02B7E715}.Release|Any CPU.ActiveCfg = Release|Any CPU
		{7E6F1BF2-2B5A-4398-BCD6-C7DA02B7E715}.Release|Any CPU.Build.0 = Release|Any CPU
	EndGlobalSection
	GlobalSection(SolutionProperties) = preSolution
		HideSolutionNode = FALSE
	EndGlobalSection
	GlobalSection(ExtensibilityGlobals) = postSolution
		SolutionGuid = {80009D74-CAF9-426B-B759-811F2D21C18A}
	EndGlobalSection
EndGlobal
